{
  "name": "autodocs-figma-package",
  "lockfileVersion": 3,
  "requires": true,
  "packages": {
    "": {
      "name": "autodocs-figma-package",
      "dependencies": {
        "fig-to-json": "^1.0.4",
        "uzip": "^0.20201231.0"
      }
    },
    "node_modules/@types/uzip": {
      "version": "0.20201231.2",
      "resolved": "https://registry.npmjs.org/@types/uzip/-/uzip-0.20201231.2.tgz",
      "integrity": "sha512-l8n/uaJDoxv2hMMWKCaq6l/umbCZjq6CMr8z2wuteB7lKoIwHrIlMZ3AwAuc+olmOK1AobfvK1PPfr5wl7lkWQ==",
      "license": "MIT"
    },
    "node_modules/fig-to-json": {
      "version": "1.0.4",
      "resolved": "https://registry.npmjs.org/fig-to-json/-/fig-to-json-1.0.4.tgz",
      "integrity": "sha512-V41TBdauaT984c3KSMjZD/rGuwUzeVuBIDdo3+uuSszd1y3ex3m5Po34BGdCulWNdeaTjA7i/oxxHRz8lzJiDg==",
      "license": "MIT",
      "dependencies": {
        "@types/uzip": "^0.20201231.0",
        "uzip": "^0.20201231.0"
      }
    },
    "node_modules/uzip": {
      "version": "0.20201231.0",
      "resolved": "https://registry.npmjs.org/uzip/-/uzip-0.20201231.0.tgz",
      "integrity": "sha512-OZeJfZP+R0z9D6TmBgLq2LHzSSptGMGDGigGiEe0pr8UBe/7fdflgHlHBNDASTXB5jnFuxHpNaJywSg8YFeGng==",
      "license": "MIT"
    }
  }
}
